
Microsoft Visual Studio Solution File, Format Version 12.00
# Visual Studio Version 16
VisualStudioVersion = 16.0.32413.511
MinimumVisualStudioVersion = 10.0.40219.1
Project("{FAE04EC0-301F-11D3-BF4B-00C04F79EFBC}") = "ImageSharePassword.Web", "ImageSharePassword.Web\ImageSharePassword.Web.csproj", "{8A2E9DDB-152F-4349-9125-E8FCE98F9E14}"
EndProject
Project("{FAE04EC0-301F-11D3-BF4B-00C04F79EFBC}") = "ImageSharePassword.Data", "ImageSharePassword.Data\ImageSharePassword.Data.csproj", "{382AD1E2-E94E-47D4-8509-78C21F951EDE}"
EndProject
Global
	GlobalSection(SolutionConfigurationPlatforms) = preSolution
		Debug|Any CPU = Debug|Any CPU
		Release|Any CPU = Release|Any CPU
	EndGlobalSection
	GlobalSection(ProjectConfigurationPlatforms) = postSolution
		{8A2E9DDB-152F-4349-9125-E8FCE98F9E14}.Debug|Any CPU.ActiveCfg = Debug|Any CPU
		{8A2E9DDB-152F-4349-9125-E8FCE98F9E14}.Debug|Any CPU.Build.0 = Debug|Any CPU
		{8A2E9DDB-152F-4349-9125-E8FCE98F9E14}.Release|Any CPU.ActiveCfg = Release|Any CPU
		{8A2E9DDB-152F-4349-9125-E8FCE98F9E14}.Release|Any CPU.Build.0 = Release|Any CPU
		{382AD1E2-E94E-47D4-8509-78C21F951EDE}.Debug|Any CPU.ActiveCfg = Debug|Any CPU
		{382AD1E2-E94E-47D4-8509-78C21F951EDE}.Debug|Any CPU.Build.0 = Debug|Any CPU
		{382AD1E2-E94E-47D4-8509-78C21F951EDE}.Release|Any CPU.ActiveCfg = Release|Any CPU
		{382AD1E2-E94E-47D4-8509-78C21F951EDE}.Release|Any CPU.Build.0 = Release|Any CPU
	EndGlobalSection
	GlobalSection(SolutionProperties) = preSolution
		HideSolutionNode = FALSE
	EndGlobalSection
	GlobalSection(ExtensibilityGlobals) = postSolution
		SolutionGuid = {EB02624B-71A2-41CF-93F9-83E4B8E81499}
	EndGlobalSection
EndGlobal
